// !$*UTF8*$!
{
	archiveVersion = 1;
	classes = {
	};
	objectVersion = 45;
	objects = {

/* Begin PBXBuildFile section */
		1D60589B0D05DD56006BFB54 /* main.m in Sources */ = {isa = PBXBuildFile; fileRef = 29B97316FDCFA39411CA2CEA /* main.m */; };
		1D60589F0D05DD5A006BFB54 /* Foundation.framework in Frameworks */ = {isa = PBXBuildFile; fileRef = 1D30AB110D05D00D00671497 /* Foundation.framework */; };
		1DF5F4E00D08C38300B7A737 /* UIKit.framework in Frameworks */ = {isa = PBXBuildFile; fileRef = 1DF5F4DF0D08C38300B7A737 /* UIKit.framework */; };
		288765080DF74369002DB57D /* CoreGraphics.framework in Frameworks */ = {isa = PBXBuildFile; fileRef = 288765070DF74369002DB57D /* CoreGraphics.framework */; };
		28AD73880D9D96C1002E5188 /* MainWindow.xib in Resources */ = {isa = PBXBuildFile; fileRef = 28AD73870D9D96C1002E5188 /* MainWindow.xib */; };
		8506559A11CF64E1003773DA /* disc.png in Resources */ = {isa = PBXBuildFile; fileRef = 8506559811CF64E1003773DA /* disc.png */; };
		8506559B11CF64E1003773DA /* headphones.png in Resources */ = {isa = PBXBuildFile; fileRef = 8506559911CF64E1003773DA /* headphones.png */; };
		8506569E11CF9B64003773DA /* microphone.png in Resources */ = {isa = PBXBuildFile; fileRef = 8506569D11CF9B64003773DA /* microphone.png */; };
		850656A311CF9E29003773DA /* ligthning.png in Resources */ = {isa = PBXBuildFile; fileRef = 850656A211CF9E29003773DA /* ligthning.png */; };
		8506576911CFBE96003773DA /* love-disabled.png in Resources */ = {isa = PBXBuildFile; fileRef = 8506576611CFBE96003773DA /* love-disabled.png */; };
		8506576A11CFBE96003773DA /* love-off.png in Resources */ = {isa = PBXBuildFile; fileRef = 8506576711CFBE96003773DA /* love-off.png */; };
		8506576B11CFBE96003773DA /* love-on.png in Resources */ = {isa = PBXBuildFile; fileRef = 8506576811CFBE96003773DA /* love-on.png */; };
		85065BF811D36018003773DA /* repeat-track.png in Resources */ = {isa = PBXBuildFile; fileRef = 85065BF511D36018003773DA /* repeat-track.png */; };
		85065BF911D36018003773DA /* repeat-all.png in Resources */ = {isa = PBXBuildFile; fileRef = 85065BF611D36018003773DA /* repeat-all.png */; };
		85065BFA11D36018003773DA /* shuffle-on.png in Resources */ = {isa = PBXBuildFile; fileRef = 85065BF711D36018003773DA /* shuffle-on.png */; };
		85065C5211D37597003773DA /* repeat-off.png in Resources */ = {isa = PBXBuildFile; fileRef = 85065C5011D37597003773DA /* repeat-off.png */; };
		85065C5311D37597003773DA /* shuffle-off.png in Resources */ = {isa = PBXBuildFile; fileRef = 85065C5111D37597003773DA /* shuffle-off.png */; };
		851B45EB1163E1E1007F1E83 /* Player.xib in Resources */ = {isa = PBXBuildFile; fileRef = 851B45E91163E1E1007F1E83 /* Player.xib */; };
		851B46D31164A9E1007F1E83 /* Bitspace.icns in Resources */ = {isa = PBXBuildFile; fileRef = 851B46D21164A9E1007F1E83 /* Bitspace.icns */; };
		851B46FA1164C93D007F1E83 /* logo_200x200_inverted.png in Resources */ = {isa = PBXBuildFile; fileRef = 851B46F91164C93D007F1E83 /* logo_200x200_inverted.png */; };
		851D52E411C8CA9000CAB951 /* ReleasesLoader.m in Sources */ = {isa = PBXBuildFile; fileRef = 851D52E311C8CA9000CAB951 /* ReleasesLoader.m */; };
		8541AE2A11C91C0D0004C4C9 /* cover-art-large.jpg in Resources */ = {isa = PBXBuildFile; fileRef = 8541AE2911C91C0D0004C4C9 /* cover-art-large.jpg */; };
		8541AE4611C91DF60004C4C9 /* cover-art-small.jpg in Resources */ = {isa = PBXBuildFile; fileRef = 8541AE4511C91DF60004C4C9 /* cover-art-small.jpg */; };
		8541AE6911C925D30004C4C9 /* ArtworkLoader.m in Sources */ = {isa = PBXBuildFile; fileRef = 8541AE6811C925D30004C4C9 /* ArtworkLoader.m */; };
		8541B09311CA85BC0004C4C9 /* AppDelegate.m in Sources */ = {isa = PBXBuildFile; fileRef = 8541B09011CA85BC0004C4C9 /* AppDelegate.m */; };
		8541B09411CA85BC0004C4C9 /* AudioStreamer.m in Sources */ = {isa = PBXBuildFile; fileRef = 8541B09211CA85BC0004C4C9 /* AudioStreamer.m */; };
		8541B09911CA85DF0004C4C9 /* Bitspace.xcdatamodel in Sources */ = {isa = PBXBuildFile; fileRef = 8541B09611CA85DF0004C4C9 /* Bitspace.xcdatamodel */; };
		8541B09A11CA85DF0004C4C9 /* Release.m in Sources */ = {isa = PBXBuildFile; fileRef = 8541B09811CA85DF0004C4C9 /* Release.m */; };
		8541B09C11CA85F30004C4C9 /* Release.xib in Resources */ = {isa = PBXBuildFile; fileRef = 8541B09B11CA85F30004C4C9 /* Release.xib */; };
		8541B0A411CA86290004C4C9 /* PlayerController.m in Sources */ = {isa = PBXBuildFile; fileRef = 8541B09F11CA86290004C4C9 /* PlayerController.m */; };
		8541B0A511CA86290004C4C9 /* ReleaseController.m in Sources */ = {isa = PBXBuildFile; fileRef = 8541B0A111CA86290004C4C9 /* ReleaseController.m */; };
		8541B0A611CA86290004C4C9 /* ReleasesController.m in Sources */ = {isa = PBXBuildFile; fileRef = 8541B0A311CA86290004C4C9 /* ReleasesController.m */; };
		8541B0AE11CA8A7D0004C4C9 /* Track.m in Sources */ = {isa = PBXBuildFile; fileRef = 8541B0AD11CA8A7D0004C4C9 /* Track.m */; };
		8541B19511CA9DCB0004C4C9 /* ReleaseHeader.xib in Resources */ = {isa = PBXBuildFile; fileRef = 8541B19411CA9DCB0004C4C9 /* ReleaseHeader.xib */; };
		8541B2C611CB7D9D0004C4C9 /* black-noise.jpg in Resources */ = {isa = PBXBuildFile; fileRef = 8541B2C511CB7D9D0004C4C9 /* black-noise.jpg */; };
		854356BD116D314900438D2D /* MediaPlayer.framework in Frameworks */ = {isa = PBXBuildFile; fileRef = 854356BC116D314900438D2D /* MediaPlayer.framework */; };
		854356C1116D315400438D2D /* AudioToolbox.framework in Frameworks */ = {isa = PBXBuildFile; fileRef = 854356C0116D315400438D2D /* AudioToolbox.framework */; };
		854356C5116D315D00438D2D /* CFNetwork.framework in Frameworks */ = {isa = PBXBuildFile; fileRef = 854356C4116D315D00438D2D /* CFNetwork.framework */; };
		854357591173508E00438D2D /* CoreData.framework in Frameworks */ = {isa = PBXBuildFile; fileRef = 854357581173508E00438D2D /* CoreData.framework */; };
		854A9A7F10C507F00007D0F8 /* Connection.m in Sources */ = {isa = PBXBuildFile; fileRef = 854A9A3410C507F00007D0F8 /* Connection.m */; };
		854A9A8010C507F00007D0F8 /* ConnectionDelegate.m in Sources */ = {isa = PBXBuildFile; fileRef = 854A9A3610C507F00007D0F8 /* ConnectionDelegate.m */; };
		854A9A8110C507F00007D0F8 /* NSHTTPURLResponse+Error.m in Sources */ = {isa = PBXBuildFile; fileRef = 854A9A3810C507F00007D0F8 /* NSHTTPURLResponse+Error.m */; };
		854A9A8210C507F00007D0F8 /* NSMutableURLRequest+ResponseType.m in Sources */ = {isa = PBXBuildFile; fileRef = 854A9A3A10C507F00007D0F8 /* NSMutableURLRequest+ResponseType.m */; };
		854A9A8310C507F00007D0F8 /* NSObject+ObjectiveResource.m in Sources */ = {isa = PBXBuildFile; fileRef = 854A9A3C10C507F00007D0F8 /* NSObject+ObjectiveResource.m */; };
		854A9A8410C507F00007D0F8 /* NSString+InflectionSupport.m in Sources */ = {isa = PBXBuildFile; fileRef = 854A9A4210C507F00007D0F8 /* NSString+InflectionSupport.m */; };
		854A9A8510C507F00007D0F8 /* NSData+Additions.m in Sources */ = {isa = PBXBuildFile; fileRef = 854A9A4410C507F00007D0F8 /* NSData+Additions.m */; };
		854A9A8610C507F00007D0F8 /* NSObject+PropertySupport.m in Sources */ = {isa = PBXBuildFile; fileRef = 854A9A4610C507F00007D0F8 /* NSObject+PropertySupport.m */; };
		854A9A8710C507F00007D0F8 /* NSString+GSub.m in Sources */ = {isa = PBXBuildFile; fileRef = 854A9A4810C507F00007D0F8 /* NSString+GSub.m */; };
		854A9A8810C507F00007D0F8 /* ObjectiveResourceDateFormatter.m in Sources */ = {isa = PBXBuildFile; fileRef = 854A9A4A10C507F00007D0F8 /* ObjectiveResourceDateFormatter.m */; };
		854A9A8910C507F00007D0F8 /* NSObject+SBJSON.m in Sources */ = {isa = PBXBuildFile; fileRef = 854A9A4F10C507F00007D0F8 /* NSObject+SBJSON.m */; };
		854A9A8A10C507F00007D0F8 /* NSString+SBJSON.m in Sources */ = {isa = PBXBuildFile; fileRef = 854A9A5110C507F00007D0F8 /* NSString+SBJSON.m */; };
		854A9A8B10C507F00007D0F8 /* SBJSON.m in Sources */ = {isa = PBXBuildFile; fileRef = 854A9A5310C507F00007D0F8 /* SBJSON.m */; };
		854A9A8C10C507F00007D0F8 /* NSArray+JSONSerializableSupport.m in Sources */ = {isa = PBXBuildFile; fileRef = 854A9A5910C507F00007D0F8 /* NSArray+JSONSerializableSupport.m */; };
		854A9A8D10C507F00007D0F8 /* NSDictionary+JSONSerializableSupport.m in Sources */ = {isa = PBXBuildFile; fileRef = 854A9A5B10C507F00007D0F8 /* NSDictionary+JSONSerializableSupport.m */; };
		854A9A8E10C507F00007D0F8 /* NSObject+JSONSerializableSupport.m in Sources */ = {isa = PBXBuildFile; fileRef = 854A9A5D10C507F00007D0F8 /* NSObject+JSONSerializableSupport.m */; };
		854A9A8F10C507F00007D0F8 /* NSDate+Serialize.m in Sources */ = {isa = PBXBuildFile; fileRef = 854A9A5F10C507F00007D0F8 /* NSDate+Serialize.m */; };
		854A9A9010C507F00007D0F8 /* NSDictionary+KeyTranslation.m in Sources */ = {isa = PBXBuildFile; fileRef = 854A9A6110C507F00007D0F8 /* NSDictionary+KeyTranslation.m */; };
		854A9A9110C507F00007D0F8 /* NSObject+Serialize.m in Sources */ = {isa = PBXBuildFile; fileRef = 854A9A6310C507F00007D0F8 /* NSObject+Serialize.m */; };
		854A9A9210C507F00007D0F8 /* NSString+Serialize.m in Sources */ = {isa = PBXBuildFile; fileRef = 854A9A6510C507F00007D0F8 /* NSString+Serialize.m */; };
		854A9A9310C507F00007D0F8 /* FromXMLElementDelegate.m in Sources */ = {isa = PBXBuildFile; fileRef = 854A9A6910C507F00007D0F8 /* FromXMLElementDelegate.m */; };
		854A9A9410C507F00007D0F8 /* NSArray+XMLSerializableSupport.m in Sources */ = {isa = PBXBuildFile; fileRef = 854A9A6B10C507F00007D0F8 /* NSArray+XMLSerializableSupport.m */; };
		854A9A9510C507F00007D0F8 /* NSDate+XMLSerializableSupport.m in Sources */ = {isa = PBXBuildFile; fileRef = 854A9A6D10C507F00007D0F8 /* NSDate+XMLSerializableSupport.m */; };
		854A9A9610C507F00007D0F8 /* NSDictionary+XMLSerializableSupport.m in Sources */ = {isa = PBXBuildFile; fileRef = 854A9A6F10C507F00007D0F8 /* NSDictionary+XMLSerializableSupport.m */; };
		854A9A9710C507F00007D0F8 /* NSNull+XMLSerializableSupport.m in Sources */ = {isa = PBXBuildFile; fileRef = 854A9A7110C507F00007D0F8 /* NSNull+XMLSerializableSupport.m */; };
		854A9A9810C507F00007D0F8 /* NSNumber+XMLSerializableSupport.m in Sources */ = {isa = PBXBuildFile; fileRef = 854A9A7310C507F00007D0F8 /* NSNumber+XMLSerializableSupport.m */; };
		854A9A9910C507F00007D0F8 /* NSObject+XMLSerializableSupport.m in Sources */ = {isa = PBXBuildFile; fileRef = 854A9A7510C507F00007D0F8 /* NSObject+XMLSerializableSupport.m */; };
		854A9A9A10C507F00007D0F8 /* NSString+XMLSerializableSupport.m in Sources */ = {isa = PBXBuildFile; fileRef = 854A9A7710C507F00007D0F8 /* NSString+XMLSerializableSupport.m */; };
		854A9A9B10C507F00007D0F8 /* ObjectiveResourceConfig.m in Sources */ = {isa = PBXBuildFile; fileRef = 854A9A7C10C507F00007D0F8 /* ObjectiveResourceConfig.m */; };
		854A9A9C10C507F00007D0F8 /* Response.m in Sources */ = {isa = PBXBuildFile; fileRef = 854A9A7E10C507F00007D0F8 /* Response.m */; };
		8559112F11D946B200583C21 /* ReleaseTableViewCell.m in Sources */ = {isa = PBXBuildFile; fileRef = 8559112E11D946B200583C21 /* ReleaseTableViewCell.m */; };
		855913DD11DA059B00583C21 /* SignIn.xib in Resources */ = {isa = PBXBuildFile; fileRef = 855913DC11DA059B00583C21 /* SignIn.xib */; };
		855913EA11DA0A3C00583C21 /* SignInController.m in Sources */ = {isa = PBXBuildFile; fileRef = 855913E911DA0A3C00583C21 /* SignInController.m */; };
		8559162E11DBF2FB00583C21 /* BitspaceWindow.m in Sources */ = {isa = PBXBuildFile; fileRef = 8559162D11DBF2FB00583C21 /* BitspaceWindow.m */; };
		8559184911DDFB4100583C21 /* SyncQueue.m in Sources */ = {isa = PBXBuildFile; fileRef = 8559184811DDFB4100583C21 /* SyncQueue.m */; };
		855918A311DE0B7C00583C21 /* ProtectedURL.m in Sources */ = {isa = PBXBuildFile; fileRef = 855918A211DE0B7C00583C21 /* ProtectedURL.m */; };
		8559190911DE317B00583C21 /* RefreshTableHeaderView.m in Sources */ = {isa = PBXBuildFile; fileRef = 8559190811DE317B00583C21 /* RefreshTableHeaderView.m */; };
		8559191C11DE322100583C21 /* QuartzCore.framework in Frameworks */ = {isa = PBXBuildFile; fileRef = 8559191B11DE322100583C21 /* QuartzCore.framework */; };
		8559192211DE326600583C21 /* PullToRefreshTableViewController.m in Sources */ = {isa = PBXBuildFile; fileRef = 8559192111DE326600583C21 /* PullToRefreshTableViewController.m */; };
		8559197011DE368F00583C21 /* blackArrow.png in Resources */ = {isa = PBXBuildFile; fileRef = 8559196D11DE368F00583C21 /* blackArrow.png */; };
		8559197111DE368F00583C21 /* blueArrow.png in Resources */ = {isa = PBXBuildFile; fileRef = 8559196E11DE368F00583C21 /* blueArrow.png */; };
		8559197211DE368F00583C21 /* whiteArrow.png in Resources */ = {isa = PBXBuildFile; fileRef = 8559196F11DE368F00583C21 /* whiteArrow.png */; };
		858045A51164CBD900963147 /* logo_200x200.png in Resources */ = {isa = PBXBuildFile; fileRef = 858045A41164CBD900963147 /* logo_200x200.png */; };
		8595C84F11E3A3F700C8B8A1 /* release-header.png in Resources */ = {isa = PBXBuildFile; fileRef = 8595C84E11E3A3F700C8B8A1 /* release-header.png */; };
		8595C9E411E3E63C00C8B8A1 /* TrackLoader.m in Sources */ = {isa = PBXBuildFile; fileRef = 8595C9E311E3E63C00C8B8A1 /* TrackLoader.m */; };
		85C8930911E2997C00FD030C /* volume-high.png in Resources */ = {isa = PBXBuildFile; fileRef = 85C8930811E2997C00FD030C /* volume-high.png */; };
		85C8930B11E29A4D00FD030C /* volume-low.png in Resources */ = {isa = PBXBuildFile; fileRef = 85C8930A11E29A4D00FD030C /* volume-low.png */; };
		85C8931811E2A26400FD030C /* casette.png in Resources */ = {isa = PBXBuildFile; fileRef = 85C8931711E2A26400FD030C /* casette.png */; };
		85C8931C11E2A4C400FD030C /* artist.png in Resources */ = {isa = PBXBuildFile; fileRef = 85C8931B11E2A4C400FD030C /* artist.png */; };
		85D0FDF211E78A730030994D /* heart.png in Resources */ = {isa = PBXBuildFile; fileRef = 85D0FDF111E78A730030994D /* heart.png */; };
		85D4D9E611E4CA9800D9ACD9 /* button-default.png in Resources */ = {isa = PBXBuildFile; fileRef = 85D4D9E511E4CA9800D9ACD9 /* button-default.png */; };
		85D4D9EE11E4CE5600D9ACD9 /* button-highlighted.png in Resources */ = {isa = PBXBuildFile; fileRef = 85D4D9ED11E4CE5600D9ACD9 /* button-highlighted.png */; };
		85EA225411E655DF00B1D0EC /* FavoritesController.m in Sources */ = {isa = PBXBuildFile; fileRef = 85EA225311E655DF00B1D0EC /* FavoritesController.m */; };
		85EE799111CBAD5A00714380 /* TrackTableViewCell.m in Sources */ = {isa = PBXBuildFile; fileRef = 85EE799011CBAD5A00714380 /* TrackTableViewCell.m */; };
		85FE1F2111EC8E6A005D1F15 /* ArtistsController.m in Sources */ = {isa = PBXBuildFile; fileRef = 85FE1F2011EC8E6A005D1F15 /* ArtistsController.m */; };
		85FE1F4A11EC9831005D1F15 /* Artist.m in Sources */ = {isa = PBXBuildFile; fileRef = 85FE1F4911EC9831005D1F15 /* Artist.m */; };
		85FE206311EF27BC005D1F15 /* ArtistController.m in Sources */ = {isa = PBXBuildFile; fileRef = 85FE206111EF27BC005D1F15 /* ArtistController.m */; };
		85FE206411EF27BC005D1F15 /* Artist.xib in Resources */ = {isa = PBXBuildFile; fileRef = 85FE206211EF27BC005D1F15 /* Artist.xib */; };
		85FE20FA11EF5A1F005D1F15 /* sign-in-bg.png in Resources */ = {isa = PBXBuildFile; fileRef = 85FE20F911EF5A1F005D1F15 /* sign-in-bg.png */; };
/* End PBXBuildFile section */

/* Begin PBXFileReference section */
		1D30AB110D05D00D00671497 /* Foundation.framework */ = {isa = PBXFileReference; lastKnownFileType = wrapper.framework; name = Foundation.framework; path = System/Library/Frameworks/Foundation.framework; sourceTree = SDKROOT; };
		1DF5F4DF0D08C38300B7A737 /* UIKit.framework */ = {isa = PBXFileReference; lastKnownFileType = wrapper.framework; name = UIKit.framework; path = System/Library/Frameworks/UIKit.framework; sourceTree = SDKROOT; };
		288765070DF74369002DB57D /* CoreGraphics.framework */ = {isa = PBXFileReference; lastKnownFileType = wrapper.framework; name = CoreGraphics.framework; path = System/Library/Frameworks/CoreGraphics.framework; sourceTree = SDKROOT; };
		28A0AB4B0D9B1048005BE974 /* bitspace_iphone_Prefix.pch */ = {isa = PBXFileReference; fileEncoding = 4; lastKnownFileType = sourcecode.c.h; path = bitspace_iphone_Prefix.pch; sourceTree = "<group>"; };
		28AD73870D9D96C1002E5188 /* MainWindow.xib */ = {isa = PBXFileReference; lastKnownFileType = file.xib; path = MainWindow.xib; sourceTree = "<group>"; };
		29B97316FDCFA39411CA2CEA /* main.m */ = {isa = PBXFileReference; fileEncoding = 4; lastKnownFileType = sourcecode.c.objc; path = main.m; sourceTree = "<group>"; };
		8506559811CF64E1003773DA /* disc.png */ = {isa = PBXFileReference; lastKnownFileType = image.png; path = disc.png; sourceTree = "<group>"; };
		8506559911CF64E1003773DA /* headphones.png */ = {isa = PBXFileReference; lastKnownFileType = image.png; path = headphones.png; sourceTree = "<group>"; };
		8506569D11CF9B64003773DA /* microphone.png */ = {isa = PBXFileReference; lastKnownFileType = image.png; path = microphone.png; sourceTree = "<group>"; };
		850656A211CF9E29003773DA /* ligthning.png */ = {isa = PBXFileReference; lastKnownFileType = image.png; path = ligthning.png; sourceTree = "<group>"; };
		8506576611CFBE96003773DA /* love-disabled.png */ = {isa = PBXFileReference; lastKnownFileType = image.png; path = "love-disabled.png"; sourceTree = "<group>"; };
		8506576711CFBE96003773DA /* love-off.png */ = {isa = PBXFileReference; lastKnownFileType = image.png; path = "love-off.png"; sourceTree = "<group>"; };
		8506576811CFBE96003773DA /* love-on.png */ = {isa = PBXFileReference; lastKnownFileType = image.png; path = "love-on.png"; sourceTree = "<group>"; };
		85065BF511D36018003773DA /* repeat-track.png */ = {isa = PBXFileReference; lastKnownFileType = image.png; path = "repeat-track.png"; sourceTree = "<group>"; };
		85065BF611D36018003773DA /* repeat-all.png */ = {isa = PBXFileReference; lastKnownFileType = image.png; path = "repeat-all.png"; sourceTree = "<group>"; };
		85065BF711D36018003773DA /* shuffle-on.png */ = {isa = PBXFileReference; lastKnownFileType = image.png; path = "shuffle-on.png"; sourceTree = "<group>"; };
		85065C5011D37597003773DA /* repeat-off.png */ = {isa = PBXFileReference; lastKnownFileType = image.png; path = "repeat-off.png"; sourceTree = "<group>"; };
		85065C5111D37597003773DA /* shuffle-off.png */ = {isa = PBXFileReference; lastKnownFileType = image.png; path = "shuffle-off.png"; sourceTree = "<group>"; };
		851B45E91163E1E1007F1E83 /* Player.xib */ = {isa = PBXFileReference; lastKnownFileType = file.xib; path = Player.xib; sourceTree = "<group>"; };
		851B46D21164A9E1007F1E83 /* Bitspace.icns */ = {isa = PBXFileReference; lastKnownFileType = image.icns; path = Bitspace.icns; sourceTree = "<group>"; };
		851B46F91164C93D007F1E83 /* logo_200x200_inverted.png */ = {isa = PBXFileReference; lastKnownFileType = image.png; path = logo_200x200_inverted.png; sourceTree = "<group>"; };
		851B46FE1164CB2B007F1E83 /* Bitspace.app */ = {isa = PBXFileReference; explicitFileType = wrapper.application; includeInIndex = 0; path = Bitspace.app; sourceTree = BUILT_PRODUCTS_DIR; };
		851D52E211C8CA9000CAB951 /* ReleasesLoader.h */ = {isa = PBXFileReference; fileEncoding = 4; lastKnownFileType = sourcecode.c.h; path = ReleasesLoader.h; sourceTree = "<group>"; };
		851D52E311C8CA9000CAB951 /* ReleasesLoader.m */ = {isa = PBXFileReference; fileEncoding = 4; lastKnownFileType = sourcecode.c.objc; path = ReleasesLoader.m; sourceTree = "<group>"; };
		8541AE2911C91C0D0004C4C9 /* cover-art-large.jpg */ = {isa = PBXFileReference; lastKnownFileType = image.jpeg; path = "cover-art-large.jpg"; sourceTree = "<group>"; };
		8541AE4511C91DF60004C4C9 /* cover-art-small.jpg */ = {isa = PBXFileReference; lastKnownFileType = image.jpeg; path = "cover-art-small.jpg"; sourceTree = "<group>"; };
		8541AE6711C925D30004C4C9 /* ArtworkLoader.h */ = {isa = PBXFileReference; fileEncoding = 4; lastKnownFileType = sourcecode.c.h; path = ArtworkLoader.h; sourceTree = "<group>"; };
		8541AE6811C925D30004C4C9 /* ArtworkLoader.m */ = {isa = PBXFileReference; fileEncoding = 4; lastKnownFileType = sourcecode.c.objc; path = ArtworkLoader.m; sourceTree = "<group>"; };
		8541B08F11CA85BC0004C4C9 /* AppDelegate.h */ = {isa = PBXFileReference; fileEncoding = 4; lastKnownFileType = sourcecode.c.h; path = AppDelegate.h; sourceTree = "<group>"; };
		8541B09011CA85BC0004C4C9 /* AppDelegate.m */ = {isa = PBXFileReference; fileEncoding = 4; lastKnownFileType = sourcecode.c.objc; path = AppDelegate.m; sourceTree = "<group>"; };
		8541B09111CA85BC0004C4C9 /* AudioStreamer.h */ = {isa = PBXFileReference; fileEncoding = 4; lastKnownFileType = sourcecode.c.h; path = AudioStreamer.h; sourceTree = "<group>"; };
		8541B09211CA85BC0004C4C9 /* AudioStreamer.m */ = {isa = PBXFileReference; fileEncoding = 4; lastKnownFileType = sourcecode.c.objc; path = AudioStreamer.m; sourceTree = "<group>"; };
		8541B09611CA85DF0004C4C9 /* Bitspace.xcdatamodel */ = {isa = PBXFileReference; fileEncoding = 4; lastKnownFileType = wrapper.xcdatamodel; path = Bitspace.xcdatamodel; sourceTree = "<group>"; };
		8541B09711CA85DF0004C4C9 /* Release.h */ = {isa = PBXFileReference; fileEncoding = 4; lastKnownFileType = sourcecode.c.h; path = Release.h; sourceTree = "<group>"; };
		8541B09811CA85DF0004C4C9 /* Release.m */ = {isa = PBXFileReference; fileEncoding = 4; lastKnownFileType = sourcecode.c.objc; path = Release.m; sourceTree = "<group>"; };
		8541B09B11CA85F30004C4C9 /* Release.xib */ = {isa = PBXFileReference; lastKnownFileType = file.xib; path = Release.xib; sourceTree = "<group>"; };
		8541B09E11CA86290004C4C9 /* PlayerController.h */ = {isa = PBXFileReference; fileEncoding = 4; lastKnownFileType = sourcecode.c.h; path = PlayerController.h; sourceTree = "<group>"; };
		8541B09F11CA86290004C4C9 /* PlayerController.m */ = {isa = PBXFileReference; fileEncoding = 4; lastKnownFileType = sourcecode.c.objc; path = PlayerController.m; sourceTree = "<group>"; };
		8541B0A011CA86290004C4C9 /* ReleaseController.h */ = {isa = PBXFileReference; fileEncoding = 4; lastKnownFileType = sourcecode.c.h; path = ReleaseController.h; sourceTree = "<group>"; };
		8541B0A111CA86290004C4C9 /* ReleaseController.m */ = {isa = PBXFileReference; fileEncoding = 4; lastKnownFileType = sourcecode.c.objc; path = ReleaseController.m; sourceTree = "<group>"; };
		8541B0A211CA86290004C4C9 /* ReleasesController.h */ = {isa = PBXFileReference; fileEncoding = 4; lastKnownFileType = sourcecode.c.h; path = ReleasesController.h; sourceTree = "<group>"; };
		8541B0A311CA86290004C4C9 /* ReleasesController.m */ = {isa = PBXFileReference; fileEncoding = 4; lastKnownFileType = sourcecode.c.objc; path = ReleasesController.m; sourceTree = "<group>"; };
		8541B0AC11CA8A7D0004C4C9 /* Track.h */ = {isa = PBXFileReference; fileEncoding = 4; lastKnownFileType = sourcecode.c.h; path = Track.h; sourceTree = "<group>"; };
		8541B0AD11CA8A7D0004C4C9 /* Track.m */ = {isa = PBXFileReference; fileEncoding = 4; lastKnownFileType = sourcecode.c.objc; path = Track.m; sourceTree = "<group>"; };
		8541B19411CA9DCB0004C4C9 /* ReleaseHeader.xib */ = {isa = PBXFileReference; lastKnownFileType = file.xib; path = ReleaseHeader.xib; sourceTree = "<group>"; };
		8541B2C511CB7D9D0004C4C9 /* black-noise.jpg */ = {isa = PBXFileReference; lastKnownFileType = image.jpeg; path = "black-noise.jpg"; sourceTree = "<group>"; };
		854356BC116D314900438D2D /* MediaPlayer.framework */ = {isa = PBXFileReference; lastKnownFileType = wrapper.framework; name = MediaPlayer.framework; path = System/Library/Frameworks/MediaPlayer.framework; sourceTree = SDKROOT; };
		854356C0116D315400438D2D /* AudioToolbox.framework */ = {isa = PBXFileReference; lastKnownFileType = wrapper.framework; name = AudioToolbox.framework; path = System/Library/Frameworks/AudioToolbox.framework; sourceTree = SDKROOT; };
		854356C4116D315D00438D2D /* CFNetwork.framework */ = {isa = PBXFileReference; lastKnownFileType = wrapper.framework; name = CFNetwork.framework; path = System/Library/Frameworks/CFNetwork.framework; sourceTree = SDKROOT; };
		854357581173508E00438D2D /* CoreData.framework */ = {isa = PBXFileReference; lastKnownFileType = wrapper.framework; name = CoreData.framework; path = System/Library/Frameworks/CoreData.framework; sourceTree = SDKROOT; };
		854A9A3310C507F00007D0F8 /* Connection.h */ = {isa = PBXFileReference; fileEncoding = 4; lastKnownFileType = sourcecode.c.h; path = Connection.h; sourceTree = "<group>"; };
		854A9A3410C507F00007D0F8 /* Connection.m */ = {isa = PBXFileReference; fileEncoding = 4; lastKnownFileType = sourcecode.c.objc; path = Connection.m; sourceTree = "<group>"; };
		854A9A3510C507F00007D0F8 /* ConnectionDelegate.h */ = {isa = PBXFileReference; fileEncoding = 4; lastKnownFileType = sourcecode.c.h; path = ConnectionDelegate.h; sourceTree = "<group>"; };
		854A9A3610C507F00007D0F8 /* ConnectionDelegate.m */ = {isa = PBXFileReference; fileEncoding = 4; lastKnownFileType = sourcecode.c.objc; path = ConnectionDelegate.m; sourceTree = "<group>"; };
		854A9A3710C507F00007D0F8 /* NSHTTPURLResponse+Error.h */ = {isa = PBXFileReference; fileEncoding = 4; lastKnownFileType = sourcecode.c.h; path = "NSHTTPURLResponse+Error.h"; sourceTree = "<group>"; };
		854A9A3810C507F00007D0F8 /* NSHTTPURLResponse+Error.m */ = {isa = PBXFileReference; fileEncoding = 4; lastKnownFileType = sourcecode.c.objc; path = "NSHTTPURLResponse+Error.m"; sourceTree = "<group>"; };
		854A9A3910C507F00007D0F8 /* NSMutableURLRequest+ResponseType.h */ = {isa = PBXFileReference; fileEncoding = 4; lastKnownFileType = sourcecode.c.h; path = "NSMutableURLRequest+ResponseType.h"; sourceTree = "<group>"; };
		854A9A3A10C507F00007D0F8 /* NSMutableURLRequest+ResponseType.m */ = {isa = PBXFileReference; fileEncoding = 4; lastKnownFileType = sourcecode.c.objc; path = "NSMutableURLRequest+ResponseType.m"; sourceTree = "<group>"; };
		854A9A3B10C507F00007D0F8 /* NSObject+ObjectiveResource.h */ = {isa = PBXFileReference; fileEncoding = 4; lastKnownFileType = sourcecode.c.h; path = "NSObject+ObjectiveResource.h"; sourceTree = "<group>"; };
		854A9A3C10C507F00007D0F8 /* NSObject+ObjectiveResource.m */ = {isa = PBXFileReference; fileEncoding = 4; lastKnownFileType = sourcecode.c.objc; path = "NSObject+ObjectiveResource.m"; sourceTree = "<group>"; };
		854A9A3F10C507F00007D0F8 /* CoreSupport.h */ = {isa = PBXFileReference; fileEncoding = 4; lastKnownFileType = sourcecode.c.h; path = CoreSupport.h; sourceTree = "<group>"; };
		854A9A4110C507F00007D0F8 /* NSString+InflectionSupport.h */ = {isa = PBXFileReference; fileEncoding = 4; lastKnownFileType = sourcecode.c.h; path = "NSString+InflectionSupport.h"; sourceTree = "<group>"; };
		854A9A4210C507F00007D0F8 /* NSString+InflectionSupport.m */ = {isa = PBXFileReference; fileEncoding = 4; lastKnownFileType = sourcecode.c.objc; path = "NSString+InflectionSupport.m"; sourceTree = "<group>"; };
		854A9A4310C507F00007D0F8 /* NSData+Additions.h */ = {isa = PBXFileReference; fileEncoding = 4; lastKnownFileType = sourcecode.c.h; path = "NSData+Additions.h"; sourceTree = "<group>"; };
		854A9A4410C507F00007D0F8 /* NSData+Additions.m */ = {isa = PBXFileReference; fileEncoding = 4; lastKnownFileType = sourcecode.c.objc; path = "NSData+Additions.m"; sourceTree = "<group>"; };
		854A9A4510C507F00007D0F8 /* NSObject+PropertySupport.h */ = {isa = PBXFileReference; fileEncoding = 4; lastKnownFileType = sourcecode.c.h; path = "NSObject+PropertySupport.h"; sourceTree = "<group>"; };
		854A9A4610C507F00007D0F8 /* NSObject+PropertySupport.m */ = {isa = PBXFileReference; fileEncoding = 4; lastKnownFileType = sourcecode.c.objc; path = "NSObject+PropertySupport.m"; sourceTree = "<group>"; };
		854A9A4710C507F00007D0F8 /* NSString+GSub.h */ = {isa = PBXFileReference; fileEncoding = 4; lastKnownFileType = sourcecode.c.h; path = "NSString+GSub.h"; sourceTree = "<group>"; };
		854A9A4810C507F00007D0F8 /* NSString+GSub.m */ = {isa = PBXFileReference; fileEncoding = 4; lastKnownFileType = sourcecode.c.objc; path = "NSString+GSub.m"; sourceTree = "<group>"; };
		854A9A4910C507F00007D0F8 /* ObjectiveResourceDateFormatter.h */ = {isa = PBXFileReference; fileEncoding = 4; lastKnownFileType = sourcecode.c.h; path = ObjectiveResourceDateFormatter.h; sourceTree = "<group>"; };
		854A9A4A10C507F00007D0F8 /* ObjectiveResourceDateFormatter.m */ = {isa = PBXFileReference; fileEncoding = 4; lastKnownFileType = sourcecode.c.objc; path = ObjectiveResourceDateFormatter.m; sourceTree = "<group>"; };
		854A9A4B10C507F00007D0F8 /* ObjectiveSupport.h */ = {isa = PBXFileReference; fileEncoding = 4; lastKnownFileType = sourcecode.c.h; path = ObjectiveSupport.h; sourceTree = "<group>"; };
		854A9A4D10C507F00007D0F8 /* JSONFramework.h */ = {isa = PBXFileReference; fileEncoding = 4; lastKnownFileType = sourcecode.c.h; path = JSONFramework.h; sourceTree = "<group>"; };
		854A9A4E10C507F00007D0F8 /* NSObject+SBJSON.h */ = {isa = PBXFileReference; fileEncoding = 4; lastKnownFileType = sourcecode.c.h; path = "NSObject+SBJSON.h"; sourceTree = "<group>"; };
		854A9A4F10C507F00007D0F8 /* NSObject+SBJSON.m */ = {isa = PBXFileReference; fileEncoding = 4; lastKnownFileType = sourcecode.c.objc; path = "NSObject+SBJSON.m"; sourceTree = "<group>"; };
		854A9A5010C507F00007D0F8 /* NSString+SBJSON.h */ = {isa = PBXFileReference; fileEncoding = 4; lastKnownFileType = sourcecode.c.h; path = "NSString+SBJSON.h"; sourceTree = "<group>"; };
		854A9A5110C507F00007D0F8 /* NSString+SBJSON.m */ = {isa = PBXFileReference; fileEncoding = 4; lastKnownFileType = sourcecode.c.objc; path = "NSString+SBJSON.m"; sourceTree = "<group>"; };
		854A9A5210C507F00007D0F8 /* SBJSON.h */ = {isa = PBXFileReference; fileEncoding = 4; lastKnownFileType = sourcecode.c.h; path = SBJSON.h; sourceTree = "<group>"; };
		854A9A5310C507F00007D0F8 /* SBJSON.m */ = {isa = PBXFileReference; fileEncoding = 4; lastKnownFileType = sourcecode.c.objc; path = SBJSON.m; sourceTree = "<group>"; };
		854A9A5610C507F00007D0F8 /* JSONSerializable.h */ = {isa = PBXFileReference; fileEncoding = 4; lastKnownFileType = sourcecode.c.h; path = JSONSerializable.h; sourceTree = "<group>"; };
		854A9A5710C507F00007D0F8 /* JSONSerializableSupport.h */ = {isa = PBXFileReference; fileEncoding = 4; lastKnownFileType = sourcecode.c.h; path = JSONSerializableSupport.h; sourceTree = "<group>"; };
		854A9A5810C507F00007D0F8 /* NSArray+JSONSerializableSupport.h */ = {isa = PBXFileReference; fileEncoding = 4; lastKnownFileType = sourcecode.c.h; path = "NSArray+JSONSerializableSupport.h"; sourceTree = "<group>"; };
		854A9A5910C507F00007D0F8 /* NSArray+JSONSerializableSupport.m */ = {isa = PBXFileReference; fileEncoding = 4; lastKnownFileType = sourcecode.c.objc; path = "NSArray+JSONSerializableSupport.m"; sourceTree = "<group>"; };
		854A9A5A10C507F00007D0F8 /* NSDictionary+JSONSerializableSupport.h */ = {isa = PBXFileReference; fileEncoding = 4; lastKnownFileType = sourcecode.c.h; path = "NSDictionary+JSONSerializableSupport.h"; sourceTree = "<group>"; };
		854A9A5B10C507F00007D0F8 /* NSDictionary+JSONSerializableSupport.m */ = {isa = PBXFileReference; fileEncoding = 4; lastKnownFileType = sourcecode.c.objc; path = "NSDictionary+JSONSerializableSupport.m"; sourceTree = "<group>"; };
		854A9A5C10C507F00007D0F8 /* NSObject+JSONSerializableSupport.h */ = {isa = PBXFileReference; fileEncoding = 4; lastKnownFileType = sourcecode.c.h; path = "NSObject+JSONSerializableSupport.h"; sourceTree = "<group>"; };
		854A9A5D10C507F00007D0F8 /* NSObject+JSONSerializableSupport.m */ = {isa = PBXFileReference; fileEncoding = 4; lastKnownFileType = sourcecode.c.objc; path = "NSObject+JSONSerializableSupport.m"; sourceTree = "<group>"; };
		854A9A5E10C507F00007D0F8 /* NSDate+Serialize.h */ = {isa = PBXFileReference; fileEncoding = 4; lastKnownFileType = sourcecode.c.h; path = "NSDate+Serialize.h"; sourceTree = "<group>"; };
		854A9A5F10C507F00007D0F8 /* NSDate+Serialize.m */ = {isa = PBXFileReference; fileEncoding = 4; lastKnownFileType = sourcecode.c.objc; path = "NSDate+Serialize.m"; sourceTree = "<group>"; };
		854A9A6010C507F00007D0F8 /* NSDictionary+KeyTranslation.h */ = {isa = PBXFileReference; fileEncoding = 4; lastKnownFileType = sourcecode.c.h; path = "NSDictionary+KeyTranslation.h"; sourceTree = "<group>"; };
		854A9A6110C507F00007D0F8 /* NSDictionary+KeyTranslation.m */ = {isa = PBXFileReference; fileEncoding = 4; lastKnownFileType = sourcecode.c.objc; path = "NSDictionary+KeyTranslation.m"; sourceTree = "<group>"; };
		854A9A6210C507F00007D0F8 /* NSObject+Serialize.h */ = {isa = PBXFileReference; fileEncoding = 4; lastKnownFileType = sourcecode.c.h; path = "NSObject+Serialize.h"; sourceTree = "<group>"; };
		854A9A6310C507F00007D0F8 /* NSObject+Serialize.m */ = {isa = PBXFileReference; fileEncoding = 4; lastKnownFileType = sourcecode.c.objc; path = "NSObject+Serialize.m"; sourceTree = "<group>"; };
		854A9A6410C507F00007D0F8 /* NSString+Serialize.h */ = {isa = PBXFileReference; fileEncoding = 4; lastKnownFileType = sourcecode.c.h; path = "NSString+Serialize.h"; sourceTree = "<group>"; };
		854A9A6510C507F00007D0F8 /* NSString+Serialize.m */ = {isa = PBXFileReference; fileEncoding = 4; lastKnownFileType = sourcecode.c.objc; path = "NSString+Serialize.m"; sourceTree = "<group>"; };
		854A9A6610C507F00007D0F8 /* Serialize.h */ = {isa = PBXFileReference; fileEncoding = 4; lastKnownFileType = sourcecode.c.h; path = Serialize.h; sourceTree = "<group>"; };
		854A9A6810C507F00007D0F8 /* FromXMLElementDelegate.h */ = {isa = PBXFileReference; fileEncoding = 4; lastKnownFileType = sourcecode.c.h; path = FromXMLElementDelegate.h; sourceTree = "<group>"; };
		854A9A6910C507F00007D0F8 /* FromXMLElementDelegate.m */ = {isa = PBXFileReference; fileEncoding = 4; lastKnownFileType = sourcecode.c.objc; path = FromXMLElementDelegate.m; sourceTree = "<group>"; };
		854A9A6A10C507F00007D0F8 /* NSArray+XMLSerializableSupport.h */ = {isa = PBXFileReference; fileEncoding = 4; lastKnownFileType = sourcecode.c.h; path = "NSArray+XMLSerializableSupport.h"; sourceTree = "<group>"; };
		854A9A6B10C507F00007D0F8 /* NSArray+XMLSerializableSupport.m */ = {isa = PBXFileReference; fileEncoding = 4; lastKnownFileType = sourcecode.c.objc; path = "NSArray+XMLSerializableSupport.m"; sourceTree = "<group>"; };
		854A9A6C10C507F00007D0F8 /* NSDate+XMLSerializableSupport.h */ = {isa = PBXFileReference; fileEncoding = 4; lastKnownFileType = sourcecode.c.h; path = "NSDate+XMLSerializableSupport.h"; sourceTree = "<group>"; };
		854A9A6D10C507F00007D0F8 /* NSDate+XMLSerializableSupport.m */ = {isa = PBXFileReference; fileEncoding = 4; lastKnownFileType = sourcecode.c.objc; path = "NSDate+XMLSerializableSupport.m"; sourceTree = "<group>"; };
		854A9A6E10C507F00007D0F8 /* NSDictionary+XMLSerializableSupport.h */ = {isa = PBXFileReference; fileEncoding = 4; lastKnownFileType = sourcecode.c.h; path = "NSDictionary+XMLSerializableSupport.h"; sourceTree = "<group>"; };
		854A9A6F10C507F00007D0F8 /* NSDictionary+XMLSerializableSupport.m */ = {isa = PBXFileReference; fileEncoding = 4; lastKnownFileType = sourcecode.c.objc; path = "NSDictionary+XMLSerializableSupport.m"; sourceTree = "<group>"; };
		854A9A7010C507F00007D0F8 /* NSNull+XMLSerializableSupport.h */ = {isa = PBXFileReference; fileEncoding = 4; lastKnownFileType = sourcecode.c.h; path = "NSNull+XMLSerializableSupport.h"; sourceTree = "<group>"; };
		854A9A7110C507F00007D0F8 /* NSNull+XMLSerializableSupport.m */ = {isa = PBXFileReference; fileEncoding = 4; lastKnownFileType = sourcecode.c.objc; path = "NSNull+XMLSerializableSupport.m"; sourceTree = "<group>"; };
		854A9A7210C507F00007D0F8 /* NSNumber+XMLSerializableSupport.h */ = {isa = PBXFileReference; fileEncoding = 4; lastKnownFileType = sourcecode.c.h; path = "NSNumber+XMLSerializableSupport.h"; sourceTree = "<group>"; };
		854A9A7310C507F00007D0F8 /* NSNumber+XMLSerializableSupport.m */ = {isa = PBXFileReference; fileEncoding = 4; lastKnownFileType = sourcecode.c.objc; path = "NSNumber+XMLSerializableSupport.m"; sourceTree = "<group>"; };
		854A9A7410C507F00007D0F8 /* NSObject+XMLSerializableSupport.h */ = {isa = PBXFileReference; fileEncoding = 4; lastKnownFileType = sourcecode.c.h; path = "NSObject+XMLSerializableSupport.h"; sourceTree = "<group>"; };
		854A9A7510C507F00007D0F8 /* NSObject+XMLSerializableSupport.m */ = {isa = PBXFileReference; fileEncoding = 4; lastKnownFileType = sourcecode.c.objc; path = "NSObject+XMLSerializableSupport.m"; sourceTree = "<group>"; };
		854A9A7610C507F00007D0F8 /* NSString+XMLSerializableSupport.h */ = {isa = PBXFileReference; fileEncoding = 4; lastKnownFileType = sourcecode.c.h; path = "NSString+XMLSerializableSupport.h"; sourceTree = "<group>"; };
		854A9A7710C507F00007D0F8 /* NSString+XMLSerializableSupport.m */ = {isa = PBXFileReference; fileEncoding = 4; lastKnownFileType = sourcecode.c.objc; path = "NSString+XMLSerializableSupport.m"; sourceTree = "<group>"; };
		854A9A7810C507F00007D0F8 /* XMLSerializable.h */ = {isa = PBXFileReference; fileEncoding = 4; lastKnownFileType = sourcecode.c.h; path = XMLSerializable.h; sourceTree = "<group>"; };
		854A9A7910C507F00007D0F8 /* XMLSerializableSupport.h */ = {isa = PBXFileReference; fileEncoding = 4; lastKnownFileType = sourcecode.c.h; path = XMLSerializableSupport.h; sourceTree = "<group>"; };
		854A9A7A10C507F00007D0F8 /* ObjectiveResource.h */ = {isa = PBXFileReference; fileEncoding = 4; lastKnownFileType = sourcecode.c.h; path = ObjectiveResource.h; sourceTree = "<group>"; };
		854A9A7B10C507F00007D0F8 /* ObjectiveResourceConfig.h */ = {isa = PBXFileReference; fileEncoding = 4; lastKnownFileType = sourcecode.c.h; path = ObjectiveResourceConfig.h; sourceTree = "<group>"; };
		854A9A7C10C507F00007D0F8 /* ObjectiveResourceConfig.m */ = {isa = PBXFileReference; fileEncoding = 4; lastKnownFileType = sourcecode.c.objc; path = ObjectiveResourceConfig.m; sourceTree = "<group>"; };
		854A9A7D10C507F00007D0F8 /* Response.h */ = {isa = PBXFileReference; fileEncoding = 4; lastKnownFileType = sourcecode.c.h; path = Response.h; sourceTree = "<group>"; };
		854A9A7E10C507F00007D0F8 /* Response.m */ = {isa = PBXFileReference; fileEncoding = 4; lastKnownFileType = sourcecode.c.objc; path = Response.m; sourceTree = "<group>"; };
		8559112D11D946B200583C21 /* ReleaseTableViewCell.h */ = {isa = PBXFileReference; fileEncoding = 4; lastKnownFileType = sourcecode.c.h; path = ReleaseTableViewCell.h; sourceTree = "<group>"; };
		8559112E11D946B200583C21 /* ReleaseTableViewCell.m */ = {isa = PBXFileReference; fileEncoding = 4; lastKnownFileType = sourcecode.c.objc; path = ReleaseTableViewCell.m; sourceTree = "<group>"; };
		855913DC11DA059B00583C21 /* SignIn.xib */ = {isa = PBXFileReference; lastKnownFileType = file.xib; path = SignIn.xib; sourceTree = "<group>"; };
		855913E811DA0A3C00583C21 /* SignInController.h */ = {isa = PBXFileReference; fileEncoding = 4; lastKnownFileType = sourcecode.c.h; path = SignInController.h; sourceTree = "<group>"; };
		855913E911DA0A3C00583C21 /* SignInController.m */ = {isa = PBXFileReference; fileEncoding = 4; lastKnownFileType = sourcecode.c.objc; path = SignInController.m; sourceTree = "<group>"; };
		8559162C11DBF2FB00583C21 /* BitspaceWindow.h */ = {isa = PBXFileReference; fileEncoding = 4; lastKnownFileType = sourcecode.c.h; path = BitspaceWindow.h; sourceTree = "<group>"; };
		8559162D11DBF2FB00583C21 /* BitspaceWindow.m */ = {isa = PBXFileReference; fileEncoding = 4; lastKnownFileType = sourcecode.c.objc; path = BitspaceWindow.m; sourceTree = "<group>"; };
		8559184711DDFB4100583C21 /* SyncQueue.h */ = {isa = PBXFileReference; fileEncoding = 4; lastKnownFileType = sourcecode.c.h; path = SyncQueue.h; sourceTree = "<group>"; };
		8559184811DDFB4100583C21 /* SyncQueue.m */ = {isa = PBXFileReference; fileEncoding = 4; lastKnownFileType = sourcecode.c.objc; path = SyncQueue.m; sourceTree = "<group>"; };
		855918A111DE0B7C00583C21 /* ProtectedURL.h */ = {isa = PBXFileReference; fileEncoding = 4; lastKnownFileType = sourcecode.c.h; path = ProtectedURL.h; sourceTree = "<group>"; };
		855918A211DE0B7C00583C21 /* ProtectedURL.m */ = {isa = PBXFileReference; fileEncoding = 4; lastKnownFileType = sourcecode.c.objc; path = ProtectedURL.m; sourceTree = "<group>"; };
		8559190711DE317B00583C21 /* RefreshTableHeaderView.h */ = {isa = PBXFileReference; fileEncoding = 4; lastKnownFileType = sourcecode.c.h; path = RefreshTableHeaderView.h; sourceTree = "<group>"; };
		8559190811DE317B00583C21 /* RefreshTableHeaderView.m */ = {isa = PBXFileReference; fileEncoding = 4; lastKnownFileType = sourcecode.c.objc; path = RefreshTableHeaderView.m; sourceTree = "<group>"; };
		8559191B11DE322100583C21 /* QuartzCore.framework */ = {isa = PBXFileReference; lastKnownFileType = wrapper.framework; name = QuartzCore.framework; path = System/Library/Frameworks/QuartzCore.framework; sourceTree = SDKROOT; };
		8559192011DE326600583C21 /* PullToRefreshTableViewController.h */ = {isa = PBXFileReference; fileEncoding = 4; lastKnownFileType = sourcecode.c.h; path = PullToRefreshTableViewController.h; sourceTree = "<group>"; };
		8559192111DE326600583C21 /* PullToRefreshTableViewController.m */ = {isa = PBXFileReference; fileEncoding = 4; lastKnownFileType = sourcecode.c.objc; path = PullToRefreshTableViewController.m; sourceTree = "<group>"; };
		8559196D11DE368F00583C21 /* blackArrow.png */ = {isa = PBXFileReference; lastKnownFileType = image.png; path = blackArrow.png; sourceTree = "<group>"; };
		8559196E11DE368F00583C21 /* blueArrow.png */ = {isa = PBXFileReference; lastKnownFileType = image.png; path = blueArrow.png; sourceTree = "<group>"; };
		8559196F11DE368F00583C21 /* whiteArrow.png */ = {isa = PBXFileReference; lastKnownFileType = image.png; path = whiteArrow.png; sourceTree = "<group>"; };
		858045A41164CBD900963147 /* logo_200x200.png */ = {isa = PBXFileReference; lastKnownFileType = image.png; path = logo_200x200.png; sourceTree = "<group>"; };
		8595C84E11E3A3F700C8B8A1 /* release-header.png */ = {isa = PBXFileReference; lastKnownFileType = image.png; path = "release-header.png"; sourceTree = "<group>"; };
		8595C9E211E3E63C00C8B8A1 /* TrackLoader.h */ = {isa = PBXFileReference; fileEncoding = 4; lastKnownFileType = sourcecode.c.h; path = TrackLoader.h; sourceTree = "<group>"; };
		8595C9E311E3E63C00C8B8A1 /* TrackLoader.m */ = {isa = PBXFileReference; fileEncoding = 4; lastKnownFileType = sourcecode.c.objc; path = TrackLoader.m; sourceTree = "<group>"; };
		85C8930811E2997C00FD030C /* volume-high.png */ = {isa = PBXFileReference; lastKnownFileType = image.png; path = "volume-high.png"; sourceTree = "<group>"; };
		85C8930A11E29A4D00FD030C /* volume-low.png */ = {isa = PBXFileReference; lastKnownFileType = image.png; path = "volume-low.png"; sourceTree = "<group>"; };
		85C8931711E2A26400FD030C /* casette.png */ = {isa = PBXFileReference; lastKnownFileType = image.png; path = casette.png; sourceTree = "<group>"; };
		85C8931B11E2A4C400FD030C /* artist.png */ = {isa = PBXFileReference; lastKnownFileType = image.png; path = artist.png; sourceTree = "<group>"; };
		85D0FDF111E78A730030994D /* heart.png */ = {isa = PBXFileReference; lastKnownFileType = image.png; path = heart.png; sourceTree = "<group>"; };
		85D4D9E511E4CA9800D9ACD9 /* button-default.png */ = {isa = PBXFileReference; lastKnownFileType = image.png; path = "button-default.png"; sourceTree = "<group>"; };
		85D4D9ED11E4CE5600D9ACD9 /* button-highlighted.png */ = {isa = PBXFileReference; lastKnownFileType = image.png; path = "button-highlighted.png"; sourceTree = "<group>"; };
		85EA225211E655DF00B1D0EC /* FavoritesController.h */ = {isa = PBXFileReference; fileEncoding = 4; lastKnownFileType = sourcecode.c.h; path = FavoritesController.h; sourceTree = "<group>"; };
		85EA225311E655DF00B1D0EC /* FavoritesController.m */ = {isa = PBXFileReference; fileEncoding = 4; lastKnownFileType = sourcecode.c.objc; path = FavoritesController.m; sourceTree = "<group>"; };
		85EE798F11CBAD5A00714380 /* TrackTableViewCell.h */ = {isa = PBXFileReference; fileEncoding = 4; lastKnownFileType = sourcecode.c.h; path = TrackTableViewCell.h; sourceTree = "<group>"; };
		85EE799011CBAD5A00714380 /* TrackTableViewCell.m */ = {isa = PBXFileReference; fileEncoding = 4; lastKnownFileType = sourcecode.c.objc; path = TrackTableViewCell.m; sourceTree = "<group>"; };
		85FE1F1F11EC8E6A005D1F15 /* ArtistsController.h */ = {isa = PBXFileReference; fileEncoding = 4; lastKnownFileType = sourcecode.c.h; path = ArtistsController.h; sourceTree = "<group>"; };
		85FE1F2011EC8E6A005D1F15 /* ArtistsController.m */ = {isa = PBXFileReference; fileEncoding = 4; lastKnownFileType = sourcecode.c.objc; path = ArtistsController.m; sourceTree = "<group>"; };
		85FE1F4811EC9831005D1F15 /* Artist.h */ = {isa = PBXFileReference; fileEncoding = 4; lastKnownFileType = sourcecode.c.h; path = Artist.h; sourceTree = "<group>"; };
		85FE1F4911EC9831005D1F15 /* Artist.m */ = {isa = PBXFileReference; fileEncoding = 4; lastKnownFileType = sourcecode.c.objc; path = Artist.m; sourceTree = "<group>"; };
		85FE206011EF27BC005D1F15 /* ArtistController.h */ = {isa = PBXFileReference; fileEncoding = 4; lastKnownFileType = sourcecode.c.h; path = ArtistController.h; sourceTree = "<group>"; };
		85FE206111EF27BC005D1F15 /* ArtistController.m */ = {isa = PBXFileReference; fileEncoding = 4; lastKnownFileType = sourcecode.c.objc; path = ArtistController.m; sourceTree = "<group>"; };
		85FE206211EF27BC005D1F15 /* Artist.xib */ = {isa = PBXFileReference; lastKnownFileType = file.xib; path = Artist.xib; sourceTree = "<group>"; };
		85FE20F911EF5A1F005D1F15 /* sign-in-bg.png */ = {isa = PBXFileReference; lastKnownFileType = image.png; path = "sign-in-bg.png"; sourceTree = "<group>"; };
		8D1107310486CEB800E47090 /* bitspace_iphone-Info.plist */ = {isa = PBXFileReference; fileEncoding = 4; lastKnownFileType = text.plist.xml; path = "bitspace_iphone-Info.plist"; plistStructureDefinitionIdentifier = "com.apple.xcode.plist.structure-definition.iphone.info-plist"; sourceTree = "<group>"; };
/* End PBXFileReference section */

/* Begin PBXFrameworksBuildPhase section */
		1D60588F0D05DD3D006BFB54 /* Frameworks */ = {
			isa = PBXFrameworksBuildPhase;
			buildActionMask = 2147483647;
			files = (
				1D60589F0D05DD5A006BFB54 /* Foundation.framework in Frameworks */,
				1DF5F4E00D08C38300B7A737 /* UIKit.framework in Frameworks */,
				288765080DF74369002DB57D /* CoreGraphics.framework in Frameworks */,
				854356BD116D314900438D2D /* MediaPlayer.framework in Frameworks */,
				854356C1116D315400438D2D /* AudioToolbox.framework in Frameworks */,
				854356C5116D315D00438D2D /* CFNetwork.framework in Frameworks */,
				854357591173508E00438D2D /* CoreData.framework in Frameworks */,
				8559191C11DE322100583C21 /* QuartzCore.framework in Frameworks */,
			);
			runOnlyForDeploymentPostprocessing = 0;
		};
/* End PBXFrameworksBuildPhase section */

/* Begin PBXGroup section */
		19C28FACFE9D520D11CA2CBB /* Products */ = {
			isa = PBXGroup;
			children = (
				851B46FE1164CB2B007F1E83 /* Bitspace.app */,
			);
			name = Products;
			sourceTree = "<group>";
		};
		29B97314FDCFA39411CA2CEA /* bitspace-iphone */ = {
			isa = PBXGroup;
			children = (
				8541B08E11CA85AD0004C4C9 /* Application */,
				851D52DE11C8CA6A00CAB951 /* Loaders */,
				8541B09D11CA86040004C4C9 /* Controllers */,
				8541B09511CA85CB0004C4C9 /* Models */,
				85EE798E11CBAD2C00714380 /* Views */,
				854A9A3210C507F00007D0F8 /* ObjectiveResource */,
				29B97315FDCFA39411CA2CEA /* Other Sources */,
				29B97317FDCFA39411CA2CEA /* Resources */,
				29B97323FDCFA39411CA2CEA /* Frameworks */,
				19C28FACFE9D520D11CA2CBB /* Products */,
			);
			name = "bitspace-iphone";
			sourceTree = "<group>";
		};
		29B97315FDCFA39411CA2CEA /* Other Sources */ = {
			isa = PBXGroup;
			children = (
				28A0AB4B0D9B1048005BE974 /* bitspace_iphone_Prefix.pch */,
				29B97316FDCFA39411CA2CEA /* main.m */,
			);
			name = "Other Sources";
			sourceTree = "<group>";
		};
		29B97317FDCFA39411CA2CEA /* Resources */ = {
			isa = PBXGroup;
			children = (
				85FE20F911EF5A1F005D1F15 /* sign-in-bg.png */,
				85D0FDF111E78A730030994D /* heart.png */,
				85D4D9ED11E4CE5600D9ACD9 /* button-highlighted.png */,
				85D4D9E511E4CA9800D9ACD9 /* button-default.png */,
				8595C84E11E3A3F700C8B8A1 /* release-header.png */,
				85C8931B11E2A4C400FD030C /* artist.png */,
				85C8931711E2A26400FD030C /* casette.png */,
				85C8930A11E29A4D00FD030C /* volume-low.png */,
				85C8930811E2997C00FD030C /* volume-high.png */,
				8559196D11DE368F00583C21 /* blackArrow.png */,
				8559196E11DE368F00583C21 /* blueArrow.png */,
				8559196F11DE368F00583C21 /* whiteArrow.png */,
				85065C5011D37597003773DA /* repeat-off.png */,
				85065C5111D37597003773DA /* shuffle-off.png */,
				85065BF511D36018003773DA /* repeat-track.png */,
				85065BF611D36018003773DA /* repeat-all.png */,
				85065BF711D36018003773DA /* shuffle-on.png */,
				8506576611CFBE96003773DA /* love-disabled.png */,
				8506576711CFBE96003773DA /* love-off.png */,
				8506576811CFBE96003773DA /* love-on.png */,
				850656A211CF9E29003773DA /* ligthning.png */,
				8506569D11CF9B64003773DA /* microphone.png */,
				8506559811CF64E1003773DA /* disc.png */,
				8506559911CF64E1003773DA /* headphones.png */,
				8541B2C511CB7D9D0004C4C9 /* black-noise.jpg */,
				8541AE4511C91DF60004C4C9 /* cover-art-small.jpg */,
				8541AE2911C91C0D0004C4C9 /* cover-art-large.jpg */,
				858045A41164CBD900963147 /* logo_200x200.png */,
				851B46F91164C93D007F1E83 /* logo_200x200_inverted.png */,
				851B46D21164A9E1007F1E83 /* Bitspace.icns */,
				8D1107310486CEB800E47090 /* bitspace_iphone-Info.plist */,
			);
			name = Resources;
			sourceTree = "<group>";
		};
		29B97323FDCFA39411CA2CEA /* Frameworks */ = {
			isa = PBXGroup;
			children = (
				8559191B11DE322100583C21 /* QuartzCore.framework */,
				854357581173508E00438D2D /* CoreData.framework */,
				854356C4116D315D00438D2D /* CFNetwork.framework */,
				854356C0116D315400438D2D /* AudioToolbox.framework */,
				854356BC116D314900438D2D /* MediaPlayer.framework */,
				1DF5F4DF0D08C38300B7A737 /* UIKit.framework */,
				1D30AB110D05D00D00671497 /* Foundation.framework */,
				288765070DF74369002DB57D /* CoreGraphics.framework */,
			);
			name = Frameworks;
			sourceTree = "<group>";
		};
		851D52DE11C8CA6A00CAB951 /* Loaders */ = {
			isa = PBXGroup;
			children = (
				851D52E211C8CA9000CAB951 /* ReleasesLoader.h */,
				851D52E311C8CA9000CAB951 /* ReleasesLoader.m */,
				8541AE6711C925D30004C4C9 /* ArtworkLoader.h */,
				8541AE6811C925D30004C4C9 /* ArtworkLoader.m */,
				8595C9E211E3E63C00C8B8A1 /* TrackLoader.h */,
				8595C9E311E3E63C00C8B8A1 /* TrackLoader.m */,
			);
			name = Loaders;
			sourceTree = "<group>";
		};
		8541B08E11CA85AD0004C4C9 /* Application */ = {
			isa = PBXGroup;
			children = (
				8541B08F11CA85BC0004C4C9 /* AppDelegate.h */,
				8541B09011CA85BC0004C4C9 /* AppDelegate.m */,
				8541B09111CA85BC0004C4C9 /* AudioStreamer.h */,
				8541B09211CA85BC0004C4C9 /* AudioStreamer.m */,
				8559162C11DBF2FB00583C21 /* BitspaceWindow.h */,
				8559162D11DBF2FB00583C21 /* BitspaceWindow.m */,
				8559184711DDFB4100583C21 /* SyncQueue.h */,
				8559184811DDFB4100583C21 /* SyncQueue.m */,
				855918A111DE0B7C00583C21 /* ProtectedURL.h */,
				855918A211DE0B7C00583C21 /* ProtectedURL.m */,
			);
			name = Application;
			sourceTree = "<group>";
		};
		8541B09511CA85CB0004C4C9 /* Models */ = {
			isa = PBXGroup;
			children = (
				8541B09611CA85DF0004C4C9 /* Bitspace.xcdatamodel */,
				8541B09711CA85DF0004C4C9 /* Release.h */,
				8541B09811CA85DF0004C4C9 /* Release.m */,
				8541B0AC11CA8A7D0004C4C9 /* Track.h */,
				8541B0AD11CA8A7D0004C4C9 /* Track.m */,
				85FE1F4811EC9831005D1F15 /* Artist.h */,
				85FE1F4911EC9831005D1F15 /* Artist.m */,
			);
			name = Models;
			sourceTree = "<group>";
		};
		8541B09D11CA86040004C4C9 /* Controllers */ = {
			isa = PBXGroup;
			children = (
				855913E811DA0A3C00583C21 /* SignInController.h */,
				855913E911DA0A3C00583C21 /* SignInController.m */,
				8559192011DE326600583C21 /* PullToRefreshTableViewController.h */,
				8559192111DE326600583C21 /* PullToRefreshTableViewController.m */,
				85D0FCE911E762E40030994D /* Player */,
				85FE1F1E11EC8E57005D1F15 /* Artists */,
				85D0FCEA11E762EA0030994D /* Releases */,
				85D0FCEB11E762F30030994D /* Playlists */,
			);
			name = Controllers;
			sourceTree = "<group>";
		};
		854A9A3210C507F00007D0F8 /* ObjectiveResource */ = {
			isa = PBXGroup;
			children = (
				854A9A3310C507F00007D0F8 /* Connection.h */,
				854A9A3410C507F00007D0F8 /* Connection.m */,
				854A9A3510C507F00007D0F8 /* ConnectionDelegate.h */,
				854A9A3610C507F00007D0F8 /* ConnectionDelegate.m */,
				854A9A3710C507F00007D0F8 /* NSHTTPURLResponse+Error.h */,
				854A9A3810C507F00007D0F8 /* NSHTTPURLResponse+Error.m */,
				854A9A3910C507F00007D0F8 /* NSMutableURLRequest+ResponseType.h */,
				854A9A3A10C507F00007D0F8 /* NSMutableURLRequest+ResponseType.m */,
				854A9A3B10C507F00007D0F8 /* NSObject+ObjectiveResource.h */,
				854A9A3C10C507F00007D0F8 /* NSObject+ObjectiveResource.m */,
				854A9A3D10C507F00007D0F8 /* objective_support */,
				854A9A7A10C507F00007D0F8 /* ObjectiveResource.h */,
				854A9A7B10C507F00007D0F8 /* ObjectiveResourceConfig.h */,
				854A9A7C10C507F00007D0F8 /* ObjectiveResourceConfig.m */,
				854A9A7D10C507F00007D0F8 /* Response.h */,
				854A9A7E10C507F00007D0F8 /* Response.m */,
			);
			name = ObjectiveResource;
			path = objective_resource;
			sourceTree = "<group>";
		};
		854A9A3D10C507F00007D0F8 /* objective_support */ = {
			isa = PBXGroup;
			children = (
				854A9A3E10C507F00007D0F8 /* Core */,
				854A9A4C10C507F00007D0F8 /* json-framework */,
				854A9A5410C507F00007D0F8 /* Serialization */,
			);
			path = objective_support;
			sourceTree = "<group>";
		};
		854A9A3E10C507F00007D0F8 /* Core */ = {
			isa = PBXGroup;
			children = (
				854A9A3F10C507F00007D0F8 /* CoreSupport.h */,
				854A9A4010C507F00007D0F8 /* Inflections */,
				854A9A4310C507F00007D0F8 /* NSData+Additions.h */,
				854A9A4410C507F00007D0F8 /* NSData+Additions.m */,
				854A9A4510C507F00007D0F8 /* NSObject+PropertySupport.h */,
				854A9A4610C507F00007D0F8 /* NSObject+PropertySupport.m */,
				854A9A4710C507F00007D0F8 /* NSString+GSub.h */,
				854A9A4810C507F00007D0F8 /* NSString+GSub.m */,
				854A9A4910C507F00007D0F8 /* ObjectiveResourceDateFormatter.h */,
				854A9A4A10C507F00007D0F8 /* ObjectiveResourceDateFormatter.m */,
				854A9A4B10C507F00007D0F8 /* ObjectiveSupport.h */,
			);
			path = Core;
			sourceTree = "<group>";
		};
		854A9A4010C507F00007D0F8 /* Inflections */ = {
			isa = PBXGroup;
			children = (
				854A9A4110C507F00007D0F8 /* NSString+InflectionSupport.h */,
				854A9A4210C507F00007D0F8 /* NSString+InflectionSupport.m */,
			);
			path = Inflections;
			sourceTree = "<group>";
		};
		854A9A4C10C507F00007D0F8 /* json-framework */ = {
			isa = PBXGroup;
			children = (
				854A9A4D10C507F00007D0F8 /* JSONFramework.h */,
				854A9A4E10C507F00007D0F8 /* NSObject+SBJSON.h */,
				854A9A4F10C507F00007D0F8 /* NSObject+SBJSON.m */,
				854A9A5010C507F00007D0F8 /* NSString+SBJSON.h */,
				854A9A5110C507F00007D0F8 /* NSString+SBJSON.m */,
				854A9A5210C507F00007D0F8 /* SBJSON.h */,
				854A9A5310C507F00007D0F8 /* SBJSON.m */,
			);
			path = "json-framework";
			sourceTree = "<group>";
		};
		854A9A5410C507F00007D0F8 /* Serialization */ = {
			isa = PBXGroup;
			children = (
				854A9A5510C507F00007D0F8 /* JSON */,
				854A9A5E10C507F00007D0F8 /* NSDate+Serialize.h */,
				854A9A5F10C507F00007D0F8 /* NSDate+Serialize.m */,
				854A9A6010C507F00007D0F8 /* NSDictionary+KeyTranslation.h */,
				854A9A6110C507F00007D0F8 /* NSDictionary+KeyTranslation.m */,
				854A9A6210C507F00007D0F8 /* NSObject+Serialize.h */,
				854A9A6310C507F00007D0F8 /* NSObject+Serialize.m */,
				854A9A6410C507F00007D0F8 /* NSString+Serialize.h */,
				854A9A6510C507F00007D0F8 /* NSString+Serialize.m */,
				854A9A6610C507F00007D0F8 /* Serialize.h */,
				854A9A6710C507F00007D0F8 /* XML */,
			);
			path = Serialization;
			sourceTree = "<group>";
		};
		854A9A5510C507F00007D0F8 /* JSON */ = {
			isa = PBXGroup;
			children = (
				854A9A5610C507F00007D0F8 /* JSONSerializable.h */,
				854A9A5710C507F00007D0F8 /* JSONSerializableSupport.h */,
				854A9A5810C507F00007D0F8 /* NSArray+JSONSerializableSupport.h */,
				854A9A5910C507F00007D0F8 /* NSArray+JSONSerializableSupport.m */,
				854A9A5A10C507F00007D0F8 /* NSDictionary+JSONSerializableSupport.h */,
				854A9A5B10C507F00007D0F8 /* NSDictionary+JSONSerializableSupport.m */,
				854A9A5C10C507F00007D0F8 /* NSObject+JSONSerializableSupport.h */,
				854A9A5D10C507F00007D0F8 /* NSObject+JSONSerializableSupport.m */,
			);
			path = JSON;
			sourceTree = "<group>";
		};
		854A9A6710C507F00007D0F8 /* XML */ = {
			isa = PBXGroup;
			children = (
				854A9A6810C507F00007D0F8 /* FromXMLElementDelegate.h */,
				854A9A6910C507F00007D0F8 /* FromXMLElementDelegate.m */,
				854A9A6A10C507F00007D0F8 /* NSArray+XMLSerializableSupport.h */,
				854A9A6B10C507F00007D0F8 /* NSArray+XMLSerializableSupport.m */,
				854A9A6C10C507F00007D0F8 /* NSDate+XMLSerializableSupport.h */,
				854A9A6D10C507F00007D0F8 /* NSDate+XMLSerializableSupport.m */,
				854A9A6E10C507F00007D0F8 /* NSDictionary+XMLSerializableSupport.h */,
				854A9A6F10C507F00007D0F8 /* NSDictionary+XMLSerializableSupport.m */,
				854A9A7010C507F00007D0F8 /* NSNull+XMLSerializableSupport.h */,
				854A9A7110C507F00007D0F8 /* NSNull+XMLSerializableSupport.m */,
				854A9A7210C507F00007D0F8 /* NSNumber+XMLSerializableSupport.h */,
				854A9A7310C507F00007D0F8 /* NSNumber+XMLSerializableSupport.m */,
				854A9A7410C507F00007D0F8 /* NSObject+XMLSerializableSupport.h */,
				854A9A7510C507F00007D0F8 /* NSObject+XMLSerializableSupport.m */,
				854A9A7610C507F00007D0F8 /* NSString+XMLSerializableSupport.h */,
				854A9A7710C507F00007D0F8 /* NSString+XMLSerializableSupport.m */,
				854A9A7810C507F00007D0F8 /* XMLSerializable.h */,
				854A9A7910C507F00007D0F8 /* XMLSerializableSupport.h */,
			);
			path = XML;
			sourceTree = "<group>";
		};
		85D0FCE911E762E40030994D /* Player */ = {
			isa = PBXGroup;
			children = (
				8541B09E11CA86290004C4C9 /* PlayerController.h */,
				8541B09F11CA86290004C4C9 /* PlayerController.m */,
			);
			name = Player;
			sourceTree = "<group>";
		};
		85D0FCEA11E762EA0030994D /* Releases */ = {
			isa = PBXGroup;
			children = (
				8541B0A211CA86290004C4C9 /* ReleasesController.h */,
				8541B0A311CA86290004C4C9 /* ReleasesController.m */,
				8541B0A011CA86290004C4C9 /* ReleaseController.h */,
				8541B0A111CA86290004C4C9 /* ReleaseController.m */,
			);
			name = Releases;
			sourceTree = "<group>";
		};
		85D0FCEB11E762F30030994D /* Playlists */ = {
			isa = PBXGroup;
			children = (
				85EA225211E655DF00B1D0EC /* FavoritesController.h */,
				85EA225311E655DF00B1D0EC /* FavoritesController.m */,
			);
			name = Playlists;
			sourceTree = "<group>";
		};
		85EE798E11CBAD2C00714380 /* Views */ = {
			isa = PBXGroup;
			children = (
				28AD73870D9D96C1002E5188 /* MainWindow.xib */,
				851B45E91163E1E1007F1E83 /* Player.xib */,
				85FE206211EF27BC005D1F15 /* Artist.xib */,
				8541B09B11CA85F30004C4C9 /* Release.xib */,
				8541B19411CA9DCB0004C4C9 /* ReleaseHeader.xib */,
				85EE798F11CBAD5A00714380 /* TrackTableViewCell.h */,
				85EE799011CBAD5A00714380 /* TrackTableViewCell.m */,
				8559112D11D946B200583C21 /* ReleaseTableViewCell.h */,
				8559112E11D946B200583C21 /* ReleaseTableViewCell.m */,
				855913DC11DA059B00583C21 /* SignIn.xib */,
				8559190711DE317B00583C21 /* RefreshTableHeaderView.h */,
				8559190811DE317B00583C21 /* RefreshTableHeaderView.m */,
			);
			name = Views;
			sourceTree = "<group>";
		};
		85FE1F1E11EC8E57005D1F15 /* Artists */ = {
			isa = PBXGroup;
			children = (
				85FE1F1F11EC8E6A005D1F15 /* ArtistsController.h */,
				85FE1F2011EC8E6A005D1F15 /* ArtistsController.m */,
				85FE206011EF27BC005D1F15 /* ArtistController.h */,
				85FE206111EF27BC005D1F15 /* ArtistController.m */,
			);
			name = Artists;
			sourceTree = "<group>";
		};
/* End PBXGroup section */

/* Begin PBXNativeTarget section */
		1D6058900D05DD3D006BFB54 /* Bitspace */ = {
			isa = PBXNativeTarget;
			buildConfigurationList = 1D6058960D05DD3E006BFB54 /* Build configuration list for PBXNativeTarget "Bitspace" */;
			buildPhases = (
				1D60588D0D05DD3D006BFB54 /* Resources */,
				1D60588E0D05DD3D006BFB54 /* Sources */,
				1D60588F0D05DD3D006BFB54 /* Frameworks */,
			);
			buildRules = (
			);
			dependencies = (
			);
			name = Bitspace;
			productName = "bitspace-iphone";
			productReference = 851B46FE1164CB2B007F1E83 /* Bitspace.app */;
			productType = "com.apple.product-type.application";
		};
/* End PBXNativeTarget section */

/* Begin PBXProject section */
		29B97313FDCFA39411CA2CEA /* Project object */ = {
			isa = PBXProject;
			buildConfigurationList = C01FCF4E08A954540054247B /* Build configuration list for PBXProject "bitspace-iphone" */;
			compatibilityVersion = "Xcode 3.1";
			hasScannedForEncodings = 1;
			mainGroup = 29B97314FDCFA39411CA2CEA /* bitspace-iphone */;
			projectDirPath = "";
			projectRoot = "";
			targets = (
				1D6058900D05DD3D006BFB54 /* Bitspace */,
			);
		};
/* End PBXProject section */

/* Begin PBXResourcesBuildPhase section */
		1D60588D0D05DD3D006BFB54 /* Resources */ = {
			isa = PBXResourcesBuildPhase;
			buildActionMask = 2147483647;
			files = (
				28AD73880D9D96C1002E5188 /* MainWindow.xib in Resources */,
				851B45EB1163E1E1007F1E83 /* Player.xib in Resources */,
				851B46D31164A9E1007F1E83 /* Bitspace.icns in Resources */,
				851B46FA1164C93D007F1E83 /* logo_200x200_inverted.png in Resources */,
				858045A51164CBD900963147 /* logo_200x200.png in Resources */,
				8541AE2A11C91C0D0004C4C9 /* cover-art-large.jpg in Resources */,
				8541AE4611C91DF60004C4C9 /* cover-art-small.jpg in Resources */,
				8541B09C11CA85F30004C4C9 /* Release.xib in Resources */,
				8541B19511CA9DCB0004C4C9 /* ReleaseHeader.xib in Resources */,
				8541B2C611CB7D9D0004C4C9 /* black-noise.jpg in Resources */,
				8506559A11CF64E1003773DA /* disc.png in Resources */,
				8506559B11CF64E1003773DA /* headphones.png in Resources */,
				8506569E11CF9B64003773DA /* microphone.png in Resources */,
				850656A311CF9E29003773DA /* ligthning.png in Resources */,
				8506576911CFBE96003773DA /* love-disabled.png in Resources */,
				8506576A11CFBE96003773DA /* love-off.png in Resources */,
				8506576B11CFBE96003773DA /* love-on.png in Resources */,
				85065BF811D36018003773DA /* repeat-track.png in Resources */,
				85065BF911D36018003773DA /* repeat-all.png in Resources */,
				85065BFA11D36018003773DA /* shuffle-on.png in Resources */,
				85065C5211D37597003773DA /* repeat-off.png in Resources */,
				85065C5311D37597003773DA /* shuffle-off.png in Resources */,
				855913DD11DA059B00583C21 /* SignIn.xib in Resources */,
				8559197011DE368F00583C21 /* blackArrow.png in Resources */,
				8559197111DE368F00583C21 /* blueArrow.png in Resources */,
				8559197211DE368F00583C21 /* whiteArrow.png in Resources */,
				85C8930911E2997C00FD030C /* volume-high.png in Resources */,
				85C8930B11E29A4D00FD030C /* volume-low.png in Resources */,
				85C8931811E2A26400FD030C /* casette.png in Resources */,
				85C8931C11E2A4C400FD030C /* artist.png in Resources */,
				8595C84F11E3A3F700C8B8A1 /* release-header.png in Resources */,
				85D4D9E611E4CA9800D9ACD9 /* button-default.png in Resources */,
				85D4D9EE11E4CE5600D9ACD9 /* button-highlighted.png in Resources */,
				85D0FDF211E78A730030994D /* heart.png in Resources */,
				85FE206411EF27BC005D1F15 /* Artist.xib in Resources */,
				85FE20FA11EF5A1F005D1F15 /* sign-in-bg.png in Resources */,
			);
			runOnlyForDeploymentPostprocessing = 0;
		};
/* End PBXResourcesBuildPhase section */

/* Begin PBXSourcesBuildPhase section */
		1D60588E0D05DD3D006BFB54 /* Sources */ = {
			isa = PBXSourcesBuildPhase;
			buildActionMask = 2147483647;
			files = (
				1D60589B0D05DD56006BFB54 /* main.m in Sources */,
				854A9A7F10C507F00007D0F8 /* Connection.m in Sources */,
				854A9A8010C507F00007D0F8 /* ConnectionDelegate.m in Sources */,
				854A9A8110C507F00007D0F8 /* NSHTTPURLResponse+Error.m in Sources */,
				854A9A8210C507F00007D0F8 /* NSMutableURLRequest+ResponseType.m in Sources */,
				854A9A8310C507F00007D0F8 /* NSObject+ObjectiveResource.m in Sources */,
				854A9A8410C507F00007D0F8 /* NSString+InflectionSupport.m in Sources */,
				854A9A8510C507F00007D0F8 /* NSData+Additions.m in Sources */,
				854A9A8610C507F00007D0F8 /* NSObject+PropertySupport.m in Sources */,
				854A9A8710C507F00007D0F8 /* NSString+GSub.m in Sources */,
				854A9A8810C507F00007D0F8 /* ObjectiveResourceDateFormatter.m in Sources */,
				854A9A8910C507F00007D0F8 /* NSObject+SBJSON.m in Sources */,
				854A9A8A10C507F00007D0F8 /* NSString+SBJSON.m in Sources */,
				854A9A8B10C507F00007D0F8 /* SBJSON.m in Sources */,
				854A9A8C10C507F00007D0F8 /* NSArray+JSONSerializableSupport.m in Sources */,
				854A9A8D10C507F00007D0F8 /* NSDictionary+JSONSerializableSupport.m in Sources */,
				854A9A8E10C507F00007D0F8 /* NSObject+JSONSerializableSupport.m in Sources */,
				854A9A8F10C507F00007D0F8 /* NSDate+Serialize.m in Sources */,
				854A9A9010C507F00007D0F8 /* NSDictionary+KeyTranslation.m in Sources */,
				854A9A9110C507F00007D0F8 /* NSObject+Serialize.m in Sources */,
				854A9A9210C507F00007D0F8 /* NSString+Serialize.m in Sources */,
				854A9A9310C507F00007D0F8 /* FromXMLElementDelegate.m in Sources */,
				854A9A9410C507F00007D0F8 /* NSArray+XMLSerializableSupport.m in Sources */,
				854A9A9510C507F00007D0F8 /* NSDate+XMLSerializableSupport.m in Sources */,
				854A9A9610C507F00007D0F8 /* NSDictionary+XMLSerializableSupport.m in Sources */,
				854A9A9710C507F00007D0F8 /* NSNull+XMLSerializableSupport.m in Sources */,
				854A9A9810C507F00007D0F8 /* NSNumber+XMLSerializableSupport.m in Sources */,
				854A9A9910C507F00007D0F8 /* NSObject+XMLSerializableSupport.m in Sources */,
				854A9A9A10C507F00007D0F8 /* NSString+XMLSerializableSupport.m in Sources */,
				854A9A9B10C507F00007D0F8 /* ObjectiveResourceConfig.m in Sources */,
				854A9A9C10C507F00007D0F8 /* Response.m in Sources */,
				851D52E411C8CA9000CAB951 /* ReleasesLoader.m in Sources */,
				8541AE6911C925D30004C4C9 /* ArtworkLoader.m in Sources */,
				8541B09311CA85BC0004C4C9 /* AppDelegate.m in Sources */,
				8541B09411CA85BC0004C4C9 /* AudioStreamer.m in Sources */,
				8541B09911CA85DF0004C4C9 /* Bitspace.xcdatamodel in Sources */,
				8541B09A11CA85DF0004C4C9 /* Release.m in Sources */,
				8541B0A411CA86290004C4C9 /* PlayerController.m in Sources */,
				8541B0A511CA86290004C4C9 /* ReleaseController.m in Sources */,
				8541B0A611CA86290004C4C9 /* ReleasesController.m in Sources */,
				8541B0AE11CA8A7D0004C4C9 /* Track.m in Sources */,
				85EE799111CBAD5A00714380 /* TrackTableViewCell.m in Sources */,
				8559112F11D946B200583C21 /* ReleaseTableViewCell.m in Sources */,
				855913EA11DA0A3C00583C21 /* SignInController.m in Sources */,
				8559162E11DBF2FB00583C21 /* BitspaceWindow.m in Sources */,
				8559184911DDFB4100583C21 /* SyncQueue.m in Sources */,
				855918A311DE0B7C00583C21 /* ProtectedURL.m in Sources */,
				8559190911DE317B00583C21 /* RefreshTableHeaderView.m in Sources */,
				8559192211DE326600583C21 /* PullToRefreshTableViewController.m in Sources */,
				8595C9E411E3E63C00C8B8A1 /* TrackLoader.m in Sources */,
				85EA225411E655DF00B1D0EC /* FavoritesController.m in Sources */,
				85FE1F2111EC8E6A005D1F15 /* ArtistsController.m in Sources */,
				85FE1F4A11EC9831005D1F15 /* Artist.m in Sources */,
				85FE206311EF27BC005D1F15 /* ArtistController.m in Sources */,
			);
			runOnlyForDeploymentPostprocessing = 0;
		};
/* End PBXSourcesBuildPhase section */

/* Begin XCBuildConfiguration section */
		1D6058940D05DD3E006BFB54 /* Debug */ = {
			isa = XCBuildConfiguration;
			buildSettings = {
				ALWAYS_SEARCH_USER_PATHS = NO;
				COPY_PHASE_STRIP = NO;
				GCC_DYNAMIC_NO_PIC = NO;
				GCC_OPTIMIZATION_LEVEL = 0;
				GCC_PRECOMPILE_PREFIX_HEADER = YES;
				GCC_PREFIX_HEADER = bitspace_iphone_Prefix.pch;
				INFOPLIST_FILE = "bitspace_iphone-Info.plist";
				PRODUCT_NAME = Bitspace;
			};
			name = Debug;
		};
		1D6058950D05DD3E006BFB54 /* Release */ = {
			isa = XCBuildConfiguration;
			buildSettings = {
				ALWAYS_SEARCH_USER_PATHS = NO;
				COPY_PHASE_STRIP = YES;
				GCC_PRECOMPILE_PREFIX_HEADER = YES;
				GCC_PREFIX_HEADER = bitspace_iphone_Prefix.pch;
				INFOPLIST_FILE = "bitspace_iphone-Info.plist";
				PRODUCT_NAME = Bitspace;
			};
			name = Release;
		};
		C01FCF4F08A954540054247B /* Debug */ = {
			isa = XCBuildConfiguration;
			buildSettings = {
				ARCHS = "$(ARCHS_STANDARD_32_BIT)";
				"CODE_SIGN_IDENTITY[sdk=iphoneos*]" = "iPhone Developer";
				GCC_C_LANGUAGE_STANDARD = c99;
				GCC_PREPROCESSOR_DEFINITIONS = DEBUG;
				GCC_WARN_ABOUT_RETURN_TYPE = YES;
				GCC_WARN_UNUSED_VARIABLE = YES;
				PREBINDING = NO;
				SDKROOT = iphoneos4.0;
			};
			name = Debug;
		};
		C01FCF5008A954540054247B /* Release */ = {
			isa = XCBuildConfiguration;
			buildSettings = {
				ARCHS = "$(ARCHS_STANDARD_32_BIT)";
				"CODE_SIGN_IDENTITY[sdk=iphoneos*]" = "iPhone Developer";
				GCC_C_LANGUAGE_STANDARD = c99;
				GCC_WARN_ABOUT_RETURN_TYPE = YES;
				GCC_WARN_UNUSED_VARIABLE = YES;
				PREBINDING = NO;
				SDKROOT = iphoneos4.0;
			};
			name = Release;
		};
/* End XCBuildConfiguration section */

/* Begin XCConfigurationList section */
		1D6058960D05DD3E006BFB54 /* Build configuration list for PBXNativeTarget "Bitspace" */ = {
			isa = XCConfigurationList;
			buildConfigurations = (
				1D6058940D05DD3E006BFB54 /* Debug */,
				1D6058950D05DD3E006BFB54 /* Release */,
			);
			defaultConfigurationIsVisible = 0;
			defaultConfigurationName = Release;
		};
		C01FCF4E08A954540054247B /* Build configuration list for PBXProject "bitspace-iphone" */ = {
			isa = XCConfigurationList;
			buildConfigurations = (
				C01FCF4F08A954540054247B /* Debug */,
				C01FCF5008A954540054247B /* Release */,
			);
			defaultConfigurationIsVisible = 0;
			defaultConfigurationName = Release;
		};
/* End XCConfigurationList section */
	};
	rootObject = 29B97313FDCFA39411CA2CEA /* Project object */;
}
